// !$*UTF8*$!
{
	archiveVersion = 1;
	classes = {
	};
	objectVersion = 50;
	objects = {

/* Begin PBXBuildFile section */
		764CBF232249325F009755FF /* AppDelegate.swift in Sources */ = {isa = PBXBuildFile; fileRef = 764CBF222249325F009755FF /* AppDelegate.swift */; };
		764CBF252249325F009755FF /* SunriseSunsetViewController.swift in Sources */ = {isa = PBXBuildFile; fileRef = 764CBF242249325F009755FF /* SunriseSunsetViewController.swift */; };
		764CBF282249325F009755FF /* Main.storyboard in Resources */ = {isa = PBXBuildFile; fileRef = 764CBF262249325F009755FF /* Main.storyboard */; };
		764CBF2A22493262009755FF /* Assets.xcassets in Resources */ = {isa = PBXBuildFile; fileRef = 764CBF2922493262009755FF /* Assets.xcassets */; };
		764CBF3922495EE8009755FF /* APIManager.swift in Sources */ = {isa = PBXBuildFile; fileRef = 764CBF3822495EE8009755FF /* APIManager.swift */; };
		764CBF3C22496614009755FF /* NetworkingError.swift in Sources */ = {isa = PBXBuildFile; fileRef = 764CBF3B22496614009755FF /* NetworkingError.swift */; };
		764CBF3E224972A9009755FF /* APISunriseSunsetManager.swift in Sources */ = {isa = PBXBuildFile; fileRef = 764CBF3D224972A9009755FF /* APISunriseSunsetManager.swift */; };
		764CBF40224973DE009755FF /* SunriseSunset.swift in Sources */ = {isa = PBXBuildFile; fileRef = 764CBF3F224973DE009755FF /* SunriseSunset.swift */; };
		767209462254B5CC00CBAC24 /* Place.swift in Sources */ = {isa = PBXBuildFile; fileRef = 767209452254B5CC00CBAC24 /* Place.swift */; };
		76A73E3C224AF9E00085FB11 /* Sunset_SunriseTests.swift in Sources */ = {isa = PBXBuildFile; fileRef = 76A73E3B224AF9E00085FB11 /* Sunset_SunriseTests.swift */; };
		76A73E44224AFB810085FB11 /* FetchedInfoTests.swift in Sources */ = {isa = PBXBuildFile; fileRef = 76A73E43224AFB810085FB11 /* FetchedInfoTests.swift */; };
		76A73E46224B026D0085FB11 /* DateToLocalFormatter.swift in Sources */ = {isa = PBXBuildFile; fileRef = 76A73E45224B026D0085FB11 /* DateToLocalFormatter.swift */; };
		76B6FEAA224A425700FC5F58 /* UIViewControllerExtension.swift in Sources */ = {isa = PBXBuildFile; fileRef = 76B6FEA9224A425700FC5F58 /* UIViewControllerExtension.swift */; };
		76DEE9D52253EBFB00828DE4 /* SunriseSunsetViewModel.swift in Sources */ = {isa = PBXBuildFile; fileRef = 76DEE9D42253EBFB00828DE4 /* SunriseSunsetViewModel.swift */; };
		7789B1F9A0F97E370756CE2A /* Pods_Sunset___Sunrise.framework in Frameworks */ = {isa = PBXBuildFile; fileRef = E531035D71ACBBC4A11D353D /* Pods_Sunset___Sunrise.framework */; };
/* End PBXBuildFile section */

/* Begin PBXContainerItemProxy section */
		76A73E3E224AF9E00085FB11 /* PBXContainerItemProxy */ = {
			isa = PBXContainerItemProxy;
			containerPortal = 764CBF172249325F009755FF /* Project object */;
			proxyType = 1;
			remoteGlobalIDString = 764CBF1E2249325F009755FF;
			remoteInfo = "Sunset & Sunrise";
		};
/* End PBXContainerItemProxy section */

/* Begin PBXFileReference section */
		25D3AF00E056BB5CC4D46931 /* Pods-Sunset & Sunrise.release.xcconfig */ = {isa = PBXFileReference; includeInIndex = 1; lastKnownFileType = text.xcconfig; name = "Pods-Sunset & Sunrise.release.xcconfig"; path = "Target Support Files/Pods-Sunset & Sunrise/Pods-Sunset & Sunrise.release.xcconfig"; sourceTree = "<group>"; };
		764CBF1F2249325F009755FF /* Sunset & Sunrise.app */ = {isa = PBXFileReference; explicitFileType = wrapper.application; includeInIndex = 0; path = "Sunset & Sunrise.app"; sourceTree = BUILT_PRODUCTS_DIR; };
		764CBF222249325F009755FF /* AppDelegate.swift */ = {isa = PBXFileReference; lastKnownFileType = sourcecode.swift; path = AppDelegate.swift; sourceTree = "<group>"; };
		764CBF242249325F009755FF /* SunriseSunsetViewController.swift */ = {isa = PBXFileReference; lastKnownFileType = sourcecode.swift; path = SunriseSunsetViewController.swift; sourceTree = "<group>"; };
		764CBF272249325F009755FF /* Base */ = {isa = PBXFileReference; lastKnownFileType = file.storyboard; name = Base; path = Base.lproj/Main.storyboard; sourceTree = "<group>"; };
		764CBF2922493262009755FF /* Assets.xcassets */ = {isa = PBXFileReference; lastKnownFileType = folder.assetcatalog; path = Assets.xcassets; sourceTree = "<group>"; };
		764CBF2E22493262009755FF /* Info.plist */ = {isa = PBXFileReference; lastKnownFileType = text.plist.xml; path = Info.plist; sourceTree = "<group>"; };
		764CBF3822495EE8009755FF /* APIManager.swift */ = {isa = PBXFileReference; lastKnownFileType = sourcecode.swift; path = APIManager.swift; sourceTree = "<group>"; };
		764CBF3B22496614009755FF /* NetworkingError.swift */ = {isa = PBXFileReference; lastKnownFileType = sourcecode.swift; path = NetworkingError.swift; sourceTree = "<group>"; };
		764CBF3D224972A9009755FF /* APISunriseSunsetManager.swift */ = {isa = PBXFileReference; lastKnownFileType = sourcecode.swift; path = APISunriseSunsetManager.swift; sourceTree = "<group>"; };
		764CBF3F224973DE009755FF /* SunriseSunset.swift */ = {isa = PBXFileReference; lastKnownFileType = sourcecode.swift; path = SunriseSunset.swift; sourceTree = "<group>"; };
		767209452254B5CC00CBAC24 /* Place.swift */ = {isa = PBXFileReference; lastKnownFileType = sourcecode.swift; path = Place.swift; sourceTree = "<group>"; };
		76A73E39224AF9E00085FB11 /* Sunset&SunriseTests.xctest */ = {isa = PBXFileReference; explicitFileType = wrapper.cfbundle; includeInIndex = 0; path = "Sunset&SunriseTests.xctest"; sourceTree = BUILT_PRODUCTS_DIR; };
		76A73E3B224AF9E00085FB11 /* Sunset_SunriseTests.swift */ = {isa = PBXFileReference; lastKnownFileType = sourcecode.swift; path = Sunset_SunriseTests.swift; sourceTree = "<group>"; };
		76A73E3D224AF9E00085FB11 /* Info.plist */ = {isa = PBXFileReference; lastKnownFileType = text.plist.xml; path = Info.plist; sourceTree = "<group>"; };
		76A73E43224AFB810085FB11 /* FetchedInfoTests.swift */ = {isa = PBXFileReference; lastKnownFileType = sourcecode.swift; path = FetchedInfoTests.swift; sourceTree = "<group>"; };
		76A73E45224B026D0085FB11 /* DateToLocalFormatter.swift */ = {isa = PBXFileReference; lastKnownFileType = sourcecode.swift; path = DateToLocalFormatter.swift; sourceTree = "<group>"; };
		76B6FEA9224A425700FC5F58 /* UIViewControllerExtension.swift */ = {isa = PBXFileReference; lastKnownFileType = sourcecode.swift; path = UIViewControllerExtension.swift; sourceTree = "<group>"; };
		76DEE9D42253EBFB00828DE4 /* SunriseSunsetViewModel.swift */ = {isa = PBXFileReference; lastKnownFileType = sourcecode.swift; path = SunriseSunsetViewModel.swift; sourceTree = "<group>"; };
		B5FF0378E36AD7E3ADD56E40 /* Pods-Sunset & Sunrise.debug.xcconfig */ = {isa = PBXFileReference; includeInIndex = 1; lastKnownFileType = text.xcconfig; name = "Pods-Sunset & Sunrise.debug.xcconfig"; path = "Target Support Files/Pods-Sunset & Sunrise/Pods-Sunset & Sunrise.debug.xcconfig"; sourceTree = "<group>"; };
		E531035D71ACBBC4A11D353D /* Pods_Sunset___Sunrise.framework */ = {isa = PBXFileReference; explicitFileType = wrapper.framework; includeInIndex = 0; path = "Pods_Sunset___Sunrise.framework"; sourceTree = BUILT_PRODUCTS_DIR; };
/* End PBXFileReference section */

/* Begin PBXFrameworksBuildPhase section */
		764CBF1C2249325F009755FF /* Frameworks */ = {
			isa = PBXFrameworksBuildPhase;
			buildActionMask = 2147483647;
			files = (
				7789B1F9A0F97E370756CE2A /* Pods_Sunset___Sunrise.framework in Frameworks */,
			);
			runOnlyForDeploymentPostprocessing = 0;
		};
		76A73E36224AF9E00085FB11 /* Frameworks */ = {
			isa = PBXFrameworksBuildPhase;
			buildActionMask = 2147483647;
			files = (
			);
			runOnlyForDeploymentPostprocessing = 0;
		};
/* End PBXFrameworksBuildPhase section */

/* Begin PBXGroup section */
		76054427225243D50018EAEB /* Supporting files */ = {
			isa = PBXGroup;
			children = (
				764CBF2922493262009755FF /* Assets.xcassets */,
				764CBF2E22493262009755FF /* Info.plist */,
			);
			path = "Supporting files";
			sourceTree = "<group>";
		};
		7605442E22525A200018EAEB /* Networking */ = {
			isa = PBXGroup;
			children = (
				764CBF3822495EE8009755FF /* APIManager.swift */,
			);
			path = Networking;
			sourceTree = "<group>";
		};
		764CBF162249325F009755FF = {
			isa = PBXGroup;
			children = (
				764CBF212249325F009755FF /* Sunset & Sunrise */,
				76A73E3A224AF9E00085FB11 /* Sunset&SunriseTests */,
				764CBF202249325F009755FF /* Products */,
				986C729315A13E7B21F48074 /* Pods */,
				9DAA42A09DA3151F719D2F86 /* Frameworks */,
			);
			sourceTree = "<group>";
		};
		764CBF202249325F009755FF /* Products */ = {
			isa = PBXGroup;
			children = (
				764CBF1F2249325F009755FF /* Sunset & Sunrise.app */,
				76A73E39224AF9E00085FB11 /* Sunset&SunriseTests.xctest */,
			);
			name = Products;
			sourceTree = "<group>";
		};
		764CBF212249325F009755FF /* Sunset & Sunrise */ = {
			isa = PBXGroup;
			children = (
				76DEE9CD2253CD5800828DE4 /* Application */,
				76DEE9D12253CDF300828DE4 /* Sunrise Sunset Time */,
				76054427225243D50018EAEB /* Supporting files */,
			);
			path = "Sunset & Sunrise";
			sourceTree = "<group>";
		};
		764CBF3422495E15009755FF /* Controller */ = {
			isa = PBXGroup;
			children = (
				764CBF242249325F009755FF /* SunriseSunsetViewController.swift */,
				76A73E45224B026D0085FB11 /* DateToLocalFormatter.swift */,
			);
			path = Controller;
			sourceTree = "<group>";
		};
		764CBF3622495E26009755FF /* Model */ = {
			isa = PBXGroup;
			children = (
				764CBF3F224973DE009755FF /* SunriseSunset.swift */,
				767209452254B5CC00CBAC24 /* Place.swift */,
			);
			path = Model;
			sourceTree = "<group>";
		};
		76A73E3A224AF9E00085FB11 /* Sunset&SunriseTests */ = {
			isa = PBXGroup;
			children = (
				76A73E43224AFB810085FB11 /* FetchedInfoTests.swift */,
				76A73E3B224AF9E00085FB11 /* Sunset_SunriseTests.swift */,
				76A73E3D224AF9E00085FB11 /* Info.plist */,
			);
			path = "Sunset&SunriseTests";
			sourceTree = "<group>";
		};
		76B6FEA8224A3E9C00FC5F58 /* Extensions */ = {
			isa = PBXGroup;
			children = (
				76B6FEA9224A425700FC5F58 /* UIViewControllerExtension.swift */,
			);
			path = Extensions;
			sourceTree = "<group>";
		};
		76DEE9CD2253CD5800828DE4 /* Application */ = {
			isa = PBXGroup;
			children = (
				76DEE9CE2253CD9700828DE4 /* Model */,
				76DEE9CF2253CD9D00828DE4 /* View */,
				76DEE9D02253CDA300828DE4 /* Controller */,
				7605442E22525A200018EAEB /* Networking */,
				76B6FEA8224A3E9C00FC5F58 /* Extensions */,
			);
			path = Application;
			sourceTree = "<group>";
		};
		76DEE9CE2253CD9700828DE4 /* Model */ = {
			isa = PBXGroup;
			children = (
				764CBF3B22496614009755FF /* NetworkingError.swift */,
			);
			path = Model;
			sourceTree = "<group>";
		};
		76DEE9CF2253CD9D00828DE4 /* View */ = {
			isa = PBXGroup;
			children = (
				764CBF262249325F009755FF /* Main.storyboard */,
			);
			path = View;
			sourceTree = "<group>";
		};
		76DEE9D02253CDA300828DE4 /* Controller */ = {
			isa = PBXGroup;
			children = (
				764CBF222249325F009755FF /* AppDelegate.swift */,
			);
			path = Controller;
			sourceTree = "<group>";
		};
		76DEE9D12253CDF300828DE4 /* Sunrise Sunset Time */ = {
			isa = PBXGroup;
			children = (
				764CBF3622495E26009755FF /* Model */,
				76DEE9D32253EBA200828DE4 /* View Model */,
				764CBF3422495E15009755FF /* Controller */,
				76DEE9D22253CE9A00828DE4 /* SunriseSunsetNetworking */,
			);
			path = "Sunrise Sunset Time";
			sourceTree = "<group>";
		};
		76DEE9D22253CE9A00828DE4 /* SunriseSunsetNetworking */ = {
			isa = PBXGroup;
			children = (
				764CBF3D224972A9009755FF /* APISunriseSunsetManager.swift */,
			);
			path = SunriseSunsetNetworking;
			sourceTree = "<group>";
		};
		76DEE9D32253EBA200828DE4 /* View Model */ = {
			isa = PBXGroup;
			children = (
				76DEE9D42253EBFB00828DE4 /* SunriseSunsetViewModel.swift */,
			);
			path = "View Model";
			sourceTree = "<group>";
		};
		986C729315A13E7B21F48074 /* Pods */ = {
			isa = PBXGroup;
			children = (
				B5FF0378E36AD7E3ADD56E40 /* Pods-Sunset & Sunrise.debug.xcconfig */,
				25D3AF00E056BB5CC4D46931 /* Pods-Sunset & Sunrise.release.xcconfig */,
			);
			path = Pods;
			sourceTree = "<group>";
		};
		9DAA42A09DA3151F719D2F86 /* Frameworks */ = {
			isa = PBXGroup;
			children = (
				E531035D71ACBBC4A11D353D /* Pods_Sunset___Sunrise.framework */,
			);
			name = Frameworks;
			sourceTree = "<group>";
		};
/* End PBXGroup section */

/* Begin PBXNativeTarget section */
		764CBF1E2249325F009755FF /* Sunset & Sunrise */ = {
			isa = PBXNativeTarget;
			buildConfigurationList = 764CBF3122493262009755FF /* Build configuration list for PBXNativeTarget "Sunset & Sunrise" */;
			buildPhases = (
				69939C4B4273BA314EBF4035 /* [CP] Check Pods Manifest.lock */,
				764CBF1B2249325F009755FF /* Sources */,
				764CBF1C2249325F009755FF /* Frameworks */,
				764CBF1D2249325F009755FF /* Resources */,
				AF078203E66DE8819A3FDFE1 /* [CP] Copy Pods Resources */,
			);
			buildRules = (
			);
			dependencies = (
			);
			name = "Sunset & Sunrise";
			productName = "Sunset & Sunrise";
			productReference = 764CBF1F2249325F009755FF /* Sunset & Sunrise.app */;
			productType = "com.apple.product-type.application";
		};
		76A73E38224AF9E00085FB11 /* Sunset&SunriseTests */ = {
			isa = PBXNativeTarget;
			buildConfigurationList = 76A73E40224AF9E00085FB11 /* Build configuration list for PBXNativeTarget "Sunset&SunriseTests" */;
			buildPhases = (
				76A73E35224AF9E00085FB11 /* Sources */,
				76A73E36224AF9E00085FB11 /* Frameworks */,
				76A73E37224AF9E00085FB11 /* Resources */,
			);
			buildRules = (
			);
			dependencies = (
				76A73E3F224AF9E00085FB11 /* PBXTargetDependency */,
			);
			name = "Sunset&SunriseTests";
			productName = "Sunset&SunriseTests";
			productReference = 76A73E39224AF9E00085FB11 /* Sunset&SunriseTests.xctest */;
			productType = "com.apple.product-type.bundle.unit-test";
		};
/* End PBXNativeTarget section */

/* Begin PBXProject section */
		764CBF172249325F009755FF /* Project object */ = {
			isa = PBXProject;
			attributes = {
				LastSwiftUpdateCheck = 1010;
				LastUpgradeCheck = 1010;
				ORGANIZATIONNAME = mezzoSoprano;
				TargetAttributes = {
					764CBF1E2249325F009755FF = {
						CreatedOnToolsVersion = 10.1;
					};
					76A73E38224AF9E00085FB11 = {
						CreatedOnToolsVersion = 10.1;
						TestTargetID = 764CBF1E2249325F009755FF;
					};
				};
			};
			buildConfigurationList = 764CBF1A2249325F009755FF /* Build configuration list for PBXProject "Sunset & Sunrise" */;
			compatibilityVersion = "Xcode 9.3";
			developmentRegion = en;
			hasScannedForEncodings = 0;
			knownRegions = (
				en,
				Base,
			);
			mainGroup = 764CBF162249325F009755FF;
			productRefGroup = 764CBF202249325F009755FF /* Products */;
			projectDirPath = "";
			projectRoot = "";
			targets = (
				764CBF1E2249325F009755FF /* Sunset & Sunrise */,
				76A73E38224AF9E00085FB11 /* Sunset&SunriseTests */,
			);
		};
/* End PBXProject section */

/* Begin PBXResourcesBuildPhase section */
		764CBF1D2249325F009755FF /* Resources */ = {
			isa = PBXResourcesBuildPhase;
			buildActionMask = 2147483647;
			files = (
				764CBF2A22493262009755FF /* Assets.xcassets in Resources */,
				764CBF282249325F009755FF /* Main.storyboard in Resources */,
			);
			runOnlyForDeploymentPostprocessing = 0;
		};
		76A73E37224AF9E00085FB11 /* Resources */ = {
			isa = PBXResourcesBuildPhase;
			buildActionMask = 2147483647;
			files = (
			);
			runOnlyForDeploymentPostprocessing = 0;
		};
/* End PBXResourcesBuildPhase section */

/* Begin PBXShellScriptBuildPhase section */
		69939C4B4273BA314EBF4035 /* [CP] Check Pods Manifest.lock */ = {
			isa = PBXShellScriptBuildPhase;
			buildActionMask = 2147483647;
			files = (
			);
			inputFileListPaths = (
			);
			inputPaths = (
				"${PODS_PODFILE_DIR_PATH}/Podfile.lock",
				"${PODS_ROOT}/Manifest.lock",
			);
			name = "[CP] Check Pods Manifest.lock";
			outputFileListPaths = (
			);
			outputPaths = (
				"$(DERIVED_FILE_DIR)/Pods-Sunset & Sunrise-checkManifestLockResult.txt",
			);
			runOnlyForDeploymentPostprocessing = 0;
			shellPath = /bin/sh;
			shellScript = "diff \"${PODS_PODFILE_DIR_PATH}/Podfile.lock\" \"${PODS_ROOT}/Manifest.lock\" > /dev/null\nif [ $? != 0 ] ; then\n    # print error to STDERR\n    echo \"error: The sandbox is not in sync with the Podfile.lock. Run 'pod install' or update your CocoaPods installation.\" >&2\n    exit 1\nfi\n# This output is used by Xcode 'outputs' to avoid re-running this script phase.\necho \"SUCCESS\" > \"${SCRIPT_OUTPUT_FILE_0}\"\n";
			showEnvVarsInLog = 0;
		};
		AF078203E66DE8819A3FDFE1 /* [CP] Copy Pods Resources */ = {
			isa = PBXShellScriptBuildPhase;
			buildActionMask = 2147483647;
			files = (
			);
			inputFileListPaths = (
			);
			inputPaths = (
				"${PODS_ROOT}/Target Support Files/Pods-Sunset & Sunrise/Pods-Sunset & Sunrise-resources.sh",
				"${PODS_ROOT}/GoogleMaps/Maps/Frameworks/GoogleMaps.framework/Resources/GoogleMaps.bundle",
				"${PODS_ROOT}/GooglePlaces/Frameworks/GooglePlaces.framework/Resources/GooglePlaces.bundle",
			);
			name = "[CP] Copy Pods Resources";
			outputFileListPaths = (
			);
			outputPaths = (
				"${TARGET_BUILD_DIR}/${UNLOCALIZED_RESOURCES_FOLDER_PATH}/GoogleMaps.bundle",
				"${TARGET_BUILD_DIR}/${UNLOCALIZED_RESOURCES_FOLDER_PATH}/GooglePlaces.bundle",
			);
			runOnlyForDeploymentPostprocessing = 0;
			shellPath = /bin/sh;
			shellScript = "\"${PODS_ROOT}/Target Support Files/Pods-Sunset & Sunrise/Pods-Sunset & Sunrise-resources.sh\"\n";
			showEnvVarsInLog = 0;
		};
/* End PBXShellScriptBuildPhase section */

/* Begin PBXSourcesBuildPhase section */
		764CBF1B2249325F009755FF /* Sources */ = {
			isa = PBXSourcesBuildPhase;
			buildActionMask = 2147483647;
			files = (
				764CBF3922495EE8009755FF /* APIManager.swift in Sources */,
				764CBF40224973DE009755FF /* SunriseSunset.swift in Sources */,
				764CBF252249325F009755FF /* SunriseSunsetViewController.swift in Sources */,
				764CBF3C22496614009755FF /* NetworkingError.swift in Sources */,
				764CBF232249325F009755FF /* AppDelegate.swift in Sources */,
				76A73E46224B026D0085FB11 /* DateToLocalFormatter.swift in Sources */,
				76B6FEAA224A425700FC5F58 /* UIViewControllerExtension.swift in Sources */,
				76DEE9D52253EBFB00828DE4 /* SunriseSunsetViewModel.swift in Sources */,
				764CBF3E224972A9009755FF /* APISunriseSunsetManager.swift in Sources */,
				767209462254B5CC00CBAC24 /* Place.swift in Sources */,
			);
			runOnlyForDeploymentPostprocessing = 0;
		};
		76A73E35224AF9E00085FB11 /* Sources */ = {
			isa = PBXSourcesBuildPhase;
			buildActionMask = 2147483647;
			files = (
				76A73E3C224AF9E00085FB11 /* Sunset_SunriseTests.swift in Sources */,
				76A73E44224AFB810085FB11 /* FetchedInfoTests.swift in Sources */,
			);
			runOnlyForDeploymentPostprocessing = 0;
		};
/* End PBXSourcesBuildPhase section */

/* Begin PBXTargetDependency section */
		76A73E3F224AF9E00085FB11 /* PBXTargetDependency */ = {
			isa = PBXTargetDependency;
			target = 764CBF1E2249325F009755FF /* Sunset & Sunrise */;
			targetProxy = 76A73E3E224AF9E00085FB11 /* PBXContainerItemProxy */;
		};
/* End PBXTargetDependency section */

/* Begin PBXVariantGroup section */
		764CBF262249325F009755FF /* Main.storyboard */ = {
			isa = PBXVariantGroup;
			children = (
				764CBF272249325F009755FF /* Base */,
			);
			name = Main.storyboard;
			sourceTree = "<group>";
		};
/* End PBXVariantGroup section */

/* Begin XCBuildConfiguration section */
		764CBF2F22493262009755FF /* Debug */ = {
			isa = XCBuildConfiguration;
			buildSettings = {
				ALWAYS_SEARCH_USER_PATHS = NO;
				CLANG_ANALYZER_NONNULL = YES;
				CLANG_ANALYZER_NUMBER_OBJECT_CONVERSION = YES_AGGRESSIVE;
				CLANG_CXX_LANGUAGE_STANDARD = "gnu++14";
				CLANG_CXX_LIBRARY = "libc++";
				CLANG_ENABLE_MODULES = YES;
				CLANG_ENABLE_OBJC_ARC = YES;
				CLANG_ENABLE_OBJC_WEAK = YES;
				CLANG_WARN_BLOCK_CAPTURE_AUTORELEASING = YES;
				CLANG_WARN_BOOL_CONVERSION = YES;
				CLANG_WARN_COMMA = YES;
				CLANG_WARN_CONSTANT_CONVERSION = YES;
				CLANG_WARN_DEPRECATED_OBJC_IMPLEMENTATIONS = YES;
				CLANG_WARN_DIRECT_OBJC_ISA_USAGE = YES_ERROR;
				CLANG_WARN_DOCUMENTATION_COMMENTS = YES;
				CLANG_WARN_EMPTY_BODY = YES;
				CLANG_WARN_ENUM_CONVERSION = YES;
				CLANG_WARN_INFINITE_RECURSION = YES;
				CLANG_WARN_INT_CONVERSION = YES;
				CLANG_WARN_NON_LITERAL_NULL_CONVERSION = YES;
				CLANG_WARN_OBJC_IMPLICIT_RETAIN_SELF = YES;
				CLANG_WARN_OBJC_LITERAL_CONVERSION = YES;
				CLANG_WARN_OBJC_ROOT_CLASS = YES_ERROR;
				CLANG_WARN_RANGE_LOOP_ANALYSIS = YES;
				CLANG_WARN_STRICT_PROTOTYPES = YES;
				CLANG_WARN_SUSPICIOUS_MOVE = YES;
				CLANG_WARN_UNGUARDED_AVAILABILITY = YES_AGGRESSIVE;
				CLANG_WARN_UNREACHABLE_CODE = YES;
				CLANG_WARN__DUPLICATE_METHOD_MATCH = YES;
				CODE_SIGN_IDENTITY = "iPhone Developer";
				COPY_PHASE_STRIP = NO;
				DEBUG_INFORMATION_FORMAT = dwarf;
				ENABLE_STRICT_OBJC_MSGSEND = YES;
				ENABLE_TESTABILITY = YES;
				GCC_C_LANGUAGE_STANDARD = gnu11;
				GCC_DYNAMIC_NO_PIC = NO;
				GCC_NO_COMMON_BLOCKS = YES;
				GCC_OPTIMIZATION_LEVEL = 0;
				GCC_PREPROCESSOR_DEFINITIONS = (
					"DEBUG=1",
					"$(inherited)",
				);
				GCC_WARN_64_TO_32_BIT_CONVERSION = YES;
				GCC_WARN_ABOUT_RETURN_TYPE = YES_ERROR;
				GCC_WARN_UNDECLARED_SELECTOR = YES;
				GCC_WARN_UNINITIALIZED_AUTOS = YES_AGGRESSIVE;
				GCC_WARN_UNUSED_FUNCTION = YES;
				GCC_WARN_UNUSED_VARIABLE = YES;
				IPHONEOS_DEPLOYMENT_TARGET = 11.0;
				MTL_ENABLE_DEBUG_INFO = INCLUDE_SOURCE;
				MTL_FAST_MATH = YES;
				ONLY_ACTIVE_ARCH = YES;
				SDKROOT = iphoneos;
				SWIFT_ACTIVE_COMPILATION_CONDITIONS = DEBUG;
				SWIFT_OPTIMIZATION_LEVEL = "-Onone";
			};
			name = Debug;
		};
		764CBF3022493262009755FF /* Release */ = {
			isa = XCBuildConfiguration;
			buildSettings = {
				ALWAYS_SEARCH_USER_PATHS = NO;
				CLANG_ANALYZER_NONNULL = YES;
				CLANG_ANALYZER_NUMBER_OBJECT_CONVERSION = YES_AGGRESSIVE;
				CLANG_CXX_LANGUAGE_STANDARD = "gnu++14";
				CLANG_CXX_LIBRARY = "libc++";
				CLANG_ENABLE_MODULES = YES;
				CLANG_ENABLE_OBJC_ARC = YES;
				CLANG_ENABLE_OBJC_WEAK = YES;
				CLANG_WARN_BLOCK_CAPTURE_AUTORELEASING = YES;
				CLANG_WARN_BOOL_CONVERSION = YES;
				CLANG_WARN_COMMA = YES;
				CLANG_WARN_CONSTANT_CONVERSION = YES;
				CLANG_WARN_DEPRECATED_OBJC_IMPLEMENTATIONS = YES;
				CLANG_WARN_DIRECT_OBJC_ISA_USAGE = YES_ERROR;
				CLANG_WARN_DOCUMENTATION_COMMENTS = YES;
				CLANG_WARN_EMPTY_BODY = YES;
				CLANG_WARN_ENUM_CONVERSION = YES;
				CLANG_WARN_INFINITE_RECURSION = YES;
				CLANG_WARN_INT_CONVERSION = YES;
				CLANG_WARN_NON_LITERAL_NULL_CONVERSION = YES;
				CLANG_WARN_OBJC_IMPLICIT_RETAIN_SELF = YES;
				CLANG_WARN_OBJC_LITERAL_CONVERSION = YES;
				CLANG_WARN_OBJC_ROOT_CLASS = YES_ERROR;
				CLANG_WARN_RANGE_LOOP_ANALYSIS = YES;
				CLANG_WARN_STRICT_PROTOTYPES = YES;
				CLANG_WARN_SUSPICIOUS_MOVE = YES;
				CLANG_WARN_UNGUARDED_AVAILABILITY = YES_AGGRESSIVE;
				CLANG_WARN_UNREACHABLE_CODE = YES;
				CLANG_WARN__DUPLICATE_METHOD_MATCH = YES;
				CODE_SIGN_IDENTITY = "iPhone Developer";
				COPY_PHASE_STRIP = NO;
				DEBUG_INFORMATION_FORMAT = "dwarf-with-dsym";
				ENABLE_NS_ASSERTIONS = NO;
				ENABLE_STRICT_OBJC_MSGSEND = YES;
				GCC_C_LANGUAGE_STANDARD = gnu11;
				GCC_NO_COMMON_BLOCKS = YES;
				GCC_WARN_64_TO_32_BIT_CONVERSION = YES;
				GCC_WARN_ABOUT_RETURN_TYPE = YES_ERROR;
				GCC_WARN_UNDECLARED_SELECTOR = YES;
				GCC_WARN_UNINITIALIZED_AUTOS = YES_AGGRESSIVE;
				GCC_WARN_UNUSED_FUNCTION = YES;
				GCC_WARN_UNUSED_VARIABLE = YES;
				IPHONEOS_DEPLOYMENT_TARGET = 11.0;
				MTL_ENABLE_DEBUG_INFO = NO;
				MTL_FAST_MATH = YES;
				SDKROOT = iphoneos;
				SWIFT_COMPILATION_MODE = wholemodule;
				SWIFT_OPTIMIZATION_LEVEL = "-O";
				VALIDATE_PRODUCT = YES;
			};
			name = Release;
		};
		764CBF3222493262009755FF /* Debug */ = {
			isa = XCBuildConfiguration;
			baseConfigurationReference = B5FF0378E36AD7E3ADD56E40 /* Pods-Sunset & Sunrise.debug.xcconfig */;
			buildSettings = {
				ASSETCATALOG_COMPILER_APPICON_NAME = AppIcon;
				CODE_SIGN_STYLE = Automatic;
				DEVELOPMENT_TEAM = MDC5DNJKVL;
				INFOPLIST_FILE = "$(SRCROOT)/Sunset & Sunrise/Supporting files/Info.plist";
				IPHONEOS_DEPLOYMENT_TARGET = 11.0;
				LD_RUNPATH_SEARCH_PATHS = (
					"$(inherited)",
					"@executable_path/Frameworks",
				);
				PRODUCT_BUNDLE_IDENTIFIER = "com.my.Sunset---Sunrise";
				PRODUCT_NAME = "$(TARGET_NAME)";
				SWIFT_VERSION = 4.2;
				TARGETED_DEVICE_FAMILY = 1;
			};
			name = Debug;
		};
		764CBF3322493262009755FF /* Release */ = {
			isa = XCBuildConfiguration;
			baseConfigurationReference = 25D3AF00E056BB5CC4D46931 /* Pods-Sunset & Sunrise.release.xcconfig */;
			buildSettings = {
				ASSETCATALOG_COMPILER_APPICON_NAME = AppIcon;
				CODE_SIGN_STYLE = Automatic;
				DEVELOPMENT_TEAM = MDC5DNJKVL;
				INFOPLIST_FILE = "$(SRCROOT)/Sunset & Sunrise/Supporting files/Info.plist";
				IPHONEOS_DEPLOYMENT_TARGET = 11.0;
				LD_RUNPATH_SEARCH_PATHS = (
					"$(inherited)",
					"@executable_path/Frameworks",
				);
				PRODUCT_BUNDLE_IDENTIFIER = "com.my.Sunset---Sunrise";
				PRODUCT_NAME = "$(TARGET_NAME)";
				SWIFT_VERSION = 4.2;
				TARGETED_DEVICE_FAMILY = 1;
			};
			name = Release;
		};
		76A73E41224AF9E00085FB11 /* Debug */ = {
			isa = XCBuildConfiguration;
			buildSettings = {
				BUNDLE_LOADER = "$(TEST_HOST)";
				CODE_SIGN_STYLE = Automatic;
				DEVELOPMENT_TEAM = MDC5DNJKVL;
				INFOPLIST_FILE = "Sunset&SunriseTests/Info.plist";
				LD_RUNPATH_SEARCH_PATHS = (
					"$(inherited)",
					"@executable_path/Frameworks",
					"@loader_path/Frameworks",
				);
				PRODUCT_BUNDLE_IDENTIFIER = "com.my.Sunset-SunriseTests";
				PRODUCT_NAME = "$(TARGET_NAME)";
				SWIFT_VERSION = 4.2;
				TARGETED_DEVICE_FAMILY = "1,2";
				TEST_HOST = "$(BUILT_PRODUCTS_DIR)/Sunset & Sunrise.app/Sunset & Sunrise";
			};
			name = Debug;
		};
		76A73E42224AF9E00085FB11 /* Release */ = {
			isa = XCBuildConfiguration;
			buildSettings = {
				BUNDLE_LOADER = "$(TEST_HOST)";
				CODE_SIGN_STYLE = Automatic;
				DEVELOPMENT_TEAM = MDC5DNJKVL;
				INFOPLIST_FILE = "Sunset&SunriseTests/Info.plist";
				LD_RUNPATH_SEARCH_PATHS = (
					"$(inherited)",
					"@executable_path/Frameworks",
					"@loader_path/Frameworks",
				);
				PRODUCT_BUNDLE_IDENTIFIER = "com.my.Sunset-SunriseTests";
				PRODUCT_NAME = "$(TARGET_NAME)";
				SWIFT_VERSION = 4.2;
				TARGETED_DEVICE_FAMILY = "1,2";
				TEST_HOST = "$(BUILT_PRODUCTS_DIR)/Sunset & Sunrise.app/Sunset & Sunrise";
			};
			name = Release;
		};
/* End XCBuildConfiguration section */

/* Begin XCConfigurationList section */
		764CBF1A2249325F009755FF /* Build configuration list for PBXProject "Sunset & Sunrise" */ = {
			isa = XCConfigurationList;
			buildConfigurations = (
				764CBF2F22493262009755FF /* Debug */,
				764CBF3022493262009755FF /* Release */,
			);
			defaultConfigurationIsVisible = 0;
			defaultConfigurationName = Release;
		};
		764CBF3122493262009755FF /* Build configuration list for PBXNativeTarget "Sunset & Sunrise" */ = {
			isa = XCConfigurationList;
			buildConfigurations = (
				764CBF3222493262009755FF /* Debug */,
				764CBF3322493262009755FF /* Release */,
			);
			defaultConfigurationIsVisible = 0;
			defaultConfigurationName = Release;
		};
		76A73E40224AF9E00085FB11 /* Build configuration list for PBXNativeTarget "Sunset&SunriseTests" */ = {
			isa = XCConfigurationList;
			buildConfigurations = (
				76A73E41224AF9E00085FB11 /* Debug */,
				76A73E42224AF9E00085FB11 /* Release */,
			);
			defaultConfigurationIsVisible = 0;
			defaultConfigurationName = Release;
		};
/* End XCConfigurationList section */
	};
	rootObject = 764CBF172249325F009755FF /* Project object */;
}
